
Microsoft Visual Studio Solution File, Format Version 12.00
# Visual Studio Version 17
VisualStudioVersion = 17.14.36414.22 d17.14
MinimumVisualStudioVersion = 10.0.40219.1
Project("{FAE04EC0-301F-11D3-BF4B-00C04F79EFBC}") = "HW6", "HW6.csproj", "{A68777E3-6207-4616-A316-4B60E2E19825}"
EndProject
Global
	GlobalSection(SolutionConfigurationPlatforms) = preSolution
		Debug|Any CPU = Debug|Any CPU
		Release|Any CPU = Release|Any CPU
	EndGlobalSection
	GlobalSection(ProjectConfigurationPlatforms) = postSolution
		{A68777E3-6207-4616-A316-4B60E2E19825}.Debug|Any CPU.ActiveCfg = Debug|Any CPU
		{A68777E3-6207-4616-A316-4B60E2E19825}.Debug|Any CPU.Build.0 = Debug|Any CPU
		{A68777E3-6207-4616-A316-4B60E2E19825}.Release|Any CPU.ActiveCfg = Release|Any CPU
		{A68777E3-6207-4616-A316-4B60E2E19825}.Release|Any CPU.Build.0 = Release|Any CPU
	EndGlobalSection
	GlobalSection(SolutionProperties) = preSolution
		HideSolutionNode = FALSE
	EndGlobalSection
	GlobalSection(ExtensibilityGlobals) = postSolution
		SolutionGuid = {48BC44E4-83D7-4C4F-9948-D36CC799958A}
	EndGlobalSection
EndGlobal
