
Microsoft Visual Studio Solution File, Format Version 12.00
# Visual Studio Version 17
VisualStudioVersion = 17.14.36414.22 d17.14
MinimumVisualStudioVersion = 10.0.40219.1
Project("{FAE04EC0-301F-11D3-BF4B-00C04F79EFBC}") = "HW8", "HW8\HW8.csproj", "{BE2D2D28-AF4A-4D59-AD05-F0C278F6B2CA}"
EndProject
Global
	GlobalSection(SolutionConfigurationPlatforms) = preSolution
		Debug|Any CPU = Debug|Any CPU
		Release|Any CPU = Release|Any CPU
	EndGlobalSection
	GlobalSection(ProjectConfigurationPlatforms) = postSolution
		{BE2D2D28-AF4A-4D59-AD05-F0C278F6B2CA}.Debug|Any CPU.ActiveCfg = Debug|Any CPU
		{BE2D2D28-AF4A-4D59-AD05-F0C278F6B2CA}.Debug|Any CPU.Build.0 = Debug|Any CPU
		{BE2D2D28-AF4A-4D59-AD05-F0C278F6B2CA}.Release|Any CPU.ActiveCfg = Release|Any CPU
		{BE2D2D28-AF4A-4D59-AD05-F0C278F6B2CA}.Release|Any CPU.Build.0 = Release|Any CPU
	EndGlobalSection
	GlobalSection(SolutionProperties) = preSolution
		HideSolutionNode = FALSE
	EndGlobalSection
	GlobalSection(ExtensibilityGlobals) = postSolution
		SolutionGuid = {0EDA6DCD-90C7-46DA-A0DF-3E674B8689EF}
	EndGlobalSection
EndGlobal
